
Microsoft Visual Studio Solution File, Format Version 12.00
# Visual Studio 14
VisualStudioVersion = 14.0.25420.1
MinimumVisualStudioVersion = 10.0.40219.1
Project("{FAE04EC0-301F-11D3-BF4B-00C04F79EFBC}") = "ReCap-CSharpFundamentals", "ReCap-CSharpFundamentals\ReCap-CSharpFundamentals.csproj", "{F6F40782-8204-4E77-8F50-7B3F95092203}"
EndProject
Project("{FAE04EC0-301F-11D3-BF4B-00C04F79EFBC}") = "PortableModels", "ClassLibrary1\PortableModels.csproj", "{76DDAA01-15E4-470E-9F99-5E63080812E3}"
EndProject
Global
	GlobalSection(SolutionConfigurationPlatforms) = preSolution
		Debug|Any CPU = Debug|Any CPU
		Release|Any CPU = Release|Any CPU
	EndGlobalSection
	GlobalSection(ProjectConfigurationPlatforms) = postSolution
		{F6F40782-8204-4E77-8F50-7B3F95092203}.Debug|Any CPU.ActiveCfg = Debug|Any CPU
		{F6F40782-8204-4E77-8F50-7B3F95092203}.Debug|Any CPU.Build.0 = Debug|Any CPU
		{F6F40782-8204-4E77-8F50-7B3F95092203}.Release|Any CPU.ActiveCfg = Release|Any CPU
		{F6F40782-8204-4E77-8F50-7B3F95092203}.Release|Any CPU.Build.0 = Release|Any CPU
		{76DDAA01-15E4-470E-9F99-5E63080812E3}.Debug|Any CPU.ActiveCfg = Debug|Any CPU
		{76DDAA01-15E4-470E-9F99-5E63080812E3}.Debug|Any CPU.Build.0 = Debug|Any CPU
		{76DDAA01-15E4-470E-9F99-5E63080812E3}.Release|Any CPU.ActiveCfg = Release|Any CPU
		{76DDAA01-15E4-470E-9F99-5E63080812E3}.Release|Any CPU.Build.0 = Release|Any CPU
	EndGlobalSection
	GlobalSection(SolutionProperties) = preSolution
		HideSolutionNode = FALSE
	EndGlobalSection
EndGlobal
